// !$*UTF8*$!
{
	archiveVersion = 1;
	classes = {
	};
	objectVersion = 50;
	objects = {

/* Begin PBXBuildFile section */
		74C69FED25062BB2009B83ED /* AppDelegate.swift in Sources */ = {isa = PBXBuildFile; fileRef = 74C69FEC25062BB2009B83ED /* AppDelegate.swift */; };
		74C69FEF25062BB2009B83ED /* SceneDelegate.swift in Sources */ = {isa = PBXBuildFile; fileRef = 74C69FEE25062BB2009B83ED /* SceneDelegate.swift */; };
		74C69FF125062BB2009B83ED /* ViewController.swift in Sources */ = {isa = PBXBuildFile; fileRef = 74C69FF025062BB2009B83ED /* ViewController.swift */; };
		74C69FF425062BB2009B83ED /* Main.storyboard in Resources */ = {isa = PBXBuildFile; fileRef = 74C69FF225062BB2009B83ED /* Main.storyboard */; };
		74C69FF625062BB2009B83ED /* Assets.xcassets in Resources */ = {isa = PBXBuildFile; fileRef = 74C69FF525062BB2009B83ED /* Assets.xcassets */; };
		74C69FF925062BB2009B83ED /* LaunchScreen.storyboard in Resources */ = {isa = PBXBuildFile; fileRef = 74C69FF725062BB2009B83ED /* LaunchScreen.storyboard */; };
		74CBF909250A148300680853 /* theotherone.swift in Sources */ = {isa = PBXBuildFile; fileRef = 74CBF908250A148300680853 /* theotherone.swift */; };
/* End PBXBuildFile section */

/* Begin PBXFileReference section */
		74C69FE925062BB2009B83ED /* pia9intro.app */ = {isa = PBXFileReference; explicitFileType = wrapper.application; includeInIndex = 0; path = pia9intro.app; sourceTree = BUILT_PRODUCTS_DIR; };
		74C69FEC25062BB2009B83ED /* AppDelegate.swift */ = {isa = PBXFileReference; lastKnownFileType = sourcecode.swift; path = AppDelegate.swift; sourceTree = "<group>"; };
		74C69FEE25062BB2009B83ED /* SceneDelegate.swift */ = {isa = PBXFileReference; lastKnownFileType = sourcecode.swift; path = SceneDelegate.swift; sourceTree = "<group>"; };
		74C69FF025062BB2009B83ED /* ViewController.swift */ = {isa = PBXFileReference; lastKnownFileType = sourcecode.swift; path = ViewController.swift; sourceTree = "<group>"; };
		74C69FF325062BB2009B83ED /* Base */ = {isa = PBXFileReference; lastKnownFileType = file.storyboard; name = Base; path = Base.lproj/Main.storyboard; sourceTree = "<group>"; };
		74C69FF525062BB2009B83ED /* Assets.xcassets */ = {isa = PBXFileReference; lastKnownFileType = folder.assetcatalog; path = Assets.xcassets; sourceTree = "<group>"; };
		74C69FF825062BB2009B83ED /* Base */ = {isa = PBXFileReference; lastKnownFileType = file.storyboard; name = Base; path = Base.lproj/LaunchScreen.storyboard; sourceTree = "<group>"; };
		74C69FFA25062BB2009B83ED /* Info.plist */ = {isa = PBXFileReference; lastKnownFileType = text.plist.xml; path = Info.plist; sourceTree = "<group>"; };
		74CBF908250A148300680853 /* theotherone.swift */ = {isa = PBXFileReference; lastKnownFileType = sourcecode.swift; path = theotherone.swift; sourceTree = "<group>"; };
/* End PBXFileReference section */

/* Begin PBXFrameworksBuildPhase section */
		74C69FE625062BB2009B83ED /* Frameworks */ = {
			isa = PBXFrameworksBuildPhase;
			buildActionMask = 2147483647;
			files = (
			);
			runOnlyForDeploymentPostprocessing = 0;
		};
/* End PBXFrameworksBuildPhase section */

/* Begin PBXGroup section */
		74C69FE025062BB2009B83ED = {
			isa = PBXGroup;
			children = (
				74C69FEB25062BB2009B83ED /* pia9intro */,
				74C69FEA25062BB2009B83ED /* Products */,
			);
			sourceTree = "<group>";
		};
		74C69FEA25062BB2009B83ED /* Products */ = {
			isa = PBXGroup;
			children = (
				74C69FE925062BB2009B83ED /* pia9intro.app */,
			);
			name = Products;
			sourceTree = "<group>";
		};
		74C69FEB25062BB2009B83ED /* pia9intro */ = {
			isa = PBXGroup;
			children = (
				74C69FEC25062BB2009B83ED /* AppDelegate.swift */,
				74C69FEE25062BB2009B83ED /* SceneDelegate.swift */,
				74C69FF025062BB2009B83ED /* ViewController.swift */,
				74C69FF225062BB2009B83ED /* Main.storyboard */,
				74CBF908250A148300680853 /* theotherone.swift */,
				74C69FF525062BB2009B83ED /* Assets.xcassets */,
				74C69FF725062BB2009B83ED /* LaunchScreen.storyboard */,
				74C69FFA25062BB2009B83ED /* Info.plist */,
			);
			path = pia9intro;
			sourceTree = "<group>";
		};
/* End PBXGroup section */

/* Begin PBXNativeTarget section */
		74C69FE825062BB2009B83ED /* pia9intro */ = {
			isa = PBXNativeTarget;
			buildConfigurationList = 74C69FFD25062BB2009B83ED /* Build configuration list for PBXNativeTarget "pia9intro" */;
			buildPhases = (
				74C69FE525062BB2009B83ED /* Sources */,
				74C69FE625062BB2009B83ED /* Frameworks */,
				74C69FE725062BB2009B83ED /* Resources */,
			);
			buildRules = (
			);
			dependencies = (
			);
			name = pia9intro;
			productName = pia9intro;
			productReference = 74C69FE925062BB2009B83ED /* pia9intro.app */;
			productType = "com.apple.product-type.application";
		};
/* End PBXNativeTarget section */

/* Begin PBXProject section */
		74C69FE125062BB2009B83ED /* Project object */ = {
			isa = PBXProject;
			attributes = {
				LastSwiftUpdateCheck = 1200;
				LastUpgradeCheck = 1200;
				TargetAttributes = {
					74C69FE825062BB2009B83ED = {
						CreatedOnToolsVersion = 12.0;
					};
				};
			};
			buildConfigurationList = 74C69FE425062BB2009B83ED /* Build configuration list for PBXProject "pia9intro" */;
			compatibilityVersion = "Xcode 9.3";
			developmentRegion = en;
			hasScannedForEncodings = 0;
			knownRegions = (
				en,
				Base,
			);
			mainGroup = 74C69FE025062BB2009B83ED;
			productRefGroup = 74C69FEA25062BB2009B83ED /* Products */;
			projectDirPath = "";
			projectRoot = "";
			targets = (
				74C69FE825062BB2009B83ED /* pia9intro */,
			);
		};
/* End PBXProject section */

/* Begin PBXResourcesBuildPhase section */
		74C69FE725062BB2009B83ED /* Resources */ = {
			isa = PBXResourcesBuildPhase;
			buildActionMask = 2147483647;
			files = (
				74C69FF925062BB2009B83ED /* LaunchScreen.storyboard in Resources */,
				74C69FF625062BB2009B83ED /* Assets.xcassets in Resources */,
				74C69FF425062BB2009B83ED /* Main.storyboard in Resources */,
			);
			runOnlyForDeploymentPostprocessing = 0;
		};
/* End PBXResourcesBuildPhase section */

/* Begin PBXSourcesBuildPhase section */
		74C69FE525062BB2009B83ED /* Sources */ = {
			isa = PBXSourcesBuildPhase;
			buildActionMask = 2147483647;
			files = (
				74C69FF125062BB2009B83ED /* ViewController.swift in Sources */,
				74CBF909250A148300680853 /* theotherone.swift in Sources */,
				74C69FED25062BB2009B83ED /* AppDelegate.swift in Sources */,
				74C69FEF25062BB2009B83ED /* SceneDelegate.swift in Sources */,
			);
			runOnlyForDeploymentPostprocessing = 0;
		};
/* End PBXSourcesBuildPhase section */

/* Begin PBXVariantGroup section */
		74C69FF225062BB2009B83ED /* Main.storyboard */ = {
			isa = PBXVariantGroup;
			children = (
				74C69FF325062BB2009B83ED /* Base */,
			);
			name = Main.storyboard;
			sourceTree = "<group>";
		};
		74C69FF725062BB2009B83ED /* LaunchScreen.storyboard */ = {
			isa = PBXVariantGroup;
			children = (
				74C69FF825062BB2009B83ED /* Base */,
			);
			name = LaunchScreen.storyboard;
			sourceTree = "<group>";
		};
/* End PBXVariantGroup section */

/* Begin XCBuildConfiguration section */
		74C69FFB25062BB2009B83ED /* Debug */ = {
			isa = XCBuildConfiguration;
			buildSettings = {
				ALWAYS_SEARCH_USER_PATHS = NO;
				CLANG_ANALYZER_NONNULL = YES;
				CLANG_ANALYZER_NUMBER_OBJECT_CONVERSION = YES_AGGRESSIVE;
				CLANG_CXX_LANGUAGE_STANDARD = "gnu++14";
				CLANG_CXX_LIBRARY = "libc++";
				CLANG_ENABLE_MODULES = YES;
				CLANG_ENABLE_OBJC_ARC = YES;
				CLANG_ENABLE_OBJC_WEAK = YES;
				CLANG_WARN_BLOCK_CAPTURE_AUTORELEASING = YES;
				CLANG_WARN_BOOL_CONVERSION = YES;
				CLANG_WARN_COMMA = YES;
				CLANG_WARN_CONSTANT_CONVERSION = YES;
				CLANG_WARN_DEPRECATED_OBJC_IMPLEMENTATIONS = YES;
				CLANG_WARN_DIRECT_OBJC_ISA_USAGE = YES_ERROR;
				CLANG_WARN_DOCUMENTATION_COMMENTS = YES;
				CLANG_WARN_EMPTY_BODY = YES;
				CLANG_WARN_ENUM_CONVERSION = YES;
				CLANG_WARN_INFINITE_RECURSION = YES;
				CLANG_WARN_INT_CONVERSION = YES;
				CLANG_WARN_NON_LITERAL_NULL_CONVERSION = YES;
				CLANG_WARN_OBJC_IMPLICIT_RETAIN_SELF = YES;
				CLANG_WARN_OBJC_LITERAL_CONVERSION = YES;
				CLANG_WARN_OBJC_ROOT_CLASS = YES_ERROR;
				CLANG_WARN_QUOTED_INCLUDE_IN_FRAMEWORK_HEADER = YES;
				CLANG_WARN_RANGE_LOOP_ANALYSIS = YES;
				CLANG_WARN_STRICT_PROTOTYPES = YES;
				CLANG_WARN_SUSPICIOUS_MOVE = YES;
				CLANG_WARN_UNGUARDED_AVAILABILITY = YES_AGGRESSIVE;
				CLANG_WARN_UNREACHABLE_CODE = YES;
				CLANG_WARN__DUPLICATE_METHOD_MATCH = YES;
				COPY_PHASE_STRIP = NO;
				DEBUG_INFORMATION_FORMAT = dwarf;
				ENABLE_STRICT_OBJC_MSGSEND = YES;
				ENABLE_TESTABILITY = YES;
				GCC_C_LANGUAGE_STANDARD = gnu11;
				GCC_DYNAMIC_NO_PIC = NO;
				GCC_NO_COMMON_BLOCKS = YES;
				GCC_OPTIMIZATION_LEVEL = 0;
				GCC_PREPROCESSOR_DEFINITIONS = (
					"DEBUG=1",
					"$(inherited)",
				);
				GCC_WARN_64_TO_32_BIT_CONVERSION = YES;
				GCC_WARN_ABOUT_RETURN_TYPE = YES_ERROR;
				GCC_WARN_UNDECLARED_SELECTOR = YES;
				GCC_WARN_UNINITIALIZED_AUTOS = YES_AGGRESSIVE;
				GCC_WARN_UNUSED_FUNCTION = YES;
				GCC_WARN_UNUSED_VARIABLE = YES;
				IPHONEOS_DEPLOYMENT_TARGET = 14.0;
				MTL_ENABLE_DEBUG_INFO = INCLUDE_SOURCE;
				MTL_FAST_MATH = YES;
				ONLY_ACTIVE_ARCH = YES;
				SDKROOT = iphoneos;
				SWIFT_ACTIVE_COMPILATION_CONDITIONS = DEBUG;
				SWIFT_OPTIMIZATION_LEVEL = "-Onone";
			};
			name = Debug;
		};
		74C69FFC25062BB2009B83ED /* Release */ = {
			isa = XCBuildConfiguration;
			buildSettings = {
				ALWAYS_SEARCH_USER_PATHS = NO;
				CLANG_ANALYZER_NONNULL = YES;
				CLANG_ANALYZER_NUMBER_OBJECT_CONVERSION = YES_AGGRESSIVE;
				CLANG_CXX_LANGUAGE_STANDARD = "gnu++14";
				CLANG_CXX_LIBRARY = "libc++";
				CLANG_ENABLE_MODULES = YES;
				CLANG_ENABLE_OBJC_ARC = YES;
				CLANG_ENABLE_OBJC_WEAK = YES;
				CLANG_WARN_BLOCK_CAPTURE_AUTORELEASING = YES;
				CLANG_WARN_BOOL_CONVERSION = YES;
				CLANG_WARN_COMMA = YES;
				CLANG_WARN_CONSTANT_CONVERSION = YES;
				CLANG_WARN_DEPRECATED_OBJC_IMPLEMENTATIONS = YES;
				CLANG_WARN_DIRECT_OBJC_ISA_USAGE = YES_ERROR;
				CLANG_WARN_DOCUMENTATION_COMMENTS = YES;
				CLANG_WARN_EMPTY_BODY = YES;
				CLANG_WARN_ENUM_CONVERSION = YES;
				CLANG_WARN_INFINITE_RECURSION = YES;
				CLANG_WARN_INT_CONVERSION = YES;
				CLANG_WARN_NON_LITERAL_NULL_CONVERSION = YES;
				CLANG_WARN_OBJC_IMPLICIT_RETAIN_SELF = YES;
				CLANG_WARN_OBJC_LITERAL_CONVERSION = YES;
				CLANG_WARN_OBJC_ROOT_CLASS = YES_ERROR;
				CLANG_WARN_QUOTED_INCLUDE_IN_FRAMEWORK_HEADER = YES;
				CLANG_WARN_RANGE_LOOP_ANALYSIS = YES;
				CLANG_WARN_STRICT_PROTOTYPES = YES;
				CLANG_WARN_SUSPICIOUS_MOVE = YES;
				CLANG_WARN_UNGUARDED_AVAILABILITY = YES_AGGRESSIVE;
				CLANG_WARN_UNREACHABLE_CODE = YES;
				CLANG_WARN__DUPLICATE_METHOD_MATCH = YES;
				COPY_PHASE_STRIP = NO;
				DEBUG_INFORMATION_FORMAT = "dwarf-with-dsym";
				ENABLE_NS_ASSERTIONS = NO;
				ENABLE_STRICT_OBJC_MSGSEND = YES;
				GCC_C_LANGUAGE_STANDARD = gnu11;
				GCC_NO_COMMON_BLOCKS = YES;
				GCC_WARN_64_TO_32_BIT_CONVERSION = YES;
				GCC_WARN_ABOUT_RETURN_TYPE = YES_ERROR;
				GCC_WARN_UNDECLARED_SELECTOR = YES;
				GCC_WARN_UNINITIALIZED_AUTOS = YES_AGGRESSIVE;
				GCC_WARN_UNUSED_FUNCTION = YES;
				GCC_WARN_UNUSED_VARIABLE = YES;
				IPHONEOS_DEPLOYMENT_TARGET = 14.0;
				MTL_ENABLE_DEBUG_INFO = NO;
				MTL_FAST_MATH = YES;
				SDKROOT = iphoneos;
				SWIFT_COMPILATION_MODE = wholemodule;
				SWIFT_OPTIMIZATION_LEVEL = "-O";
				VALIDATE_PRODUCT = YES;
			};
			name = Release;
		};
		74C69FFE25062BB2009B83ED /* Debug */ = {
			isa = XCBuildConfiguration;
			buildSettings = {
				ASSETCATALOG_COMPILER_APPICON_NAME = AppIcon;
				ASSETCATALOG_COMPILER_GLOBAL_ACCENT_COLOR_NAME = AccentColor;
				CODE_SIGN_STYLE = Automatic;
				INFOPLIST_FILE = pia9intro/Info.plist;
				LD_RUNPATH_SEARCH_PATHS = (
					"$(inherited)",
					"@executable_path/Frameworks",
				);
				PRODUCT_BUNDLE_IDENTIFIER = se.tobiaslehning.pia9intro;
				PRODUCT_NAME = "$(TARGET_NAME)";
				SWIFT_VERSION = 5.0;
				TARGETED_DEVICE_FAMILY = "1,2";
			};
			name = Debug;
		};
		74C69FFF25062BB2009B83ED /* Release */ = {
			isa = XCBuildConfiguration;
			buildSettings = {
				ASSETCATALOG_COMPILER_APPICON_NAME = AppIcon;
				ASSETCATALOG_COMPILER_GLOBAL_ACCENT_COLOR_NAME = AccentColor;
				CODE_SIGN_STYLE = Automatic;
				INFOPLIST_FILE = pia9intro/Info.plist;
				LD_RUNPATH_SEARCH_PATHS = (
					"$(inherited)",
					"@executable_path/Frameworks",
				);
				PRODUCT_BUNDLE_IDENTIFIER = se.tobiaslehning.pia9intro;
				PRODUCT_NAME = "$(TARGET_NAME)";
				SWIFT_VERSION = 5.0;
				TARGETED_DEVICE_FAMILY = "1,2";
			};
			name = Release;
		};
/* End XCBuildConfiguration section */

/* Begin XCConfigurationList section */
		74C69FE425062BB2009B83ED /* Build configuration list for PBXProject "pia9intro" */ = {
			isa = XCConfigurationList;
			buildConfigurations = (
				74C69FFB25062BB2009B83ED /* Debug */,
				74C69FFC25062BB2009B83ED /* Release */,
			);
			defaultConfigurationIsVisible = 0;
			defaultConfigurationName = Release;
		};
		74C69FFD25062BB2009B83ED /* Build configuration list for PBXNativeTarget "pia9intro" */ = {
			isa = XCConfigurationList;
			buildConfigurations = (
				74C69FFE25062BB2009B83ED /* Debug */,
				74C69FFF25062BB2009B83ED /* Release */,
			);
			defaultConfigurationIsVisible = 0;
			defaultConfigurationName = Release;
		};
/* End XCConfigurationList section */
	};
	rootObject = 74C69FE125062BB2009B83ED /* Project object */;
}
